
Microsoft Visual Studio Solution File, Format Version 12.00
# Visual Studio Version 17
VisualStudioVersion = 17.14.37216.2 d17.14
MinimumVisualStudioVersion = 10.0.40219.1
Project("{FAE04EC0-301F-11D3-BF4B-00C04F79EFBC}") = "XScope", "XScope.csproj", "{834B5CA1-77AF-4B3F-A526-F990A85EFE03}"
EndProject
Global
	GlobalSection(SolutionConfigurationPlatforms) = preSolution
		Debug|x64 = Debug|x64
		Release|x64 = Release|x64
	EndGlobalSection
	GlobalSection(ProjectConfigurationPlatforms) = postSolution
		{834B5CA1-77AF-4B3F-A526-F990A85EFE03}.Debug|x64.ActiveCfg = Debug|x64
		{834B5CA1-77AF-4B3F-A526-F990A85EFE03}.Debug|x64.Build.0 = Debug|x64
		{834B5CA1-77AF-4B3F-A526-F990A85EFE03}.Release|x64.ActiveCfg = Release|x64
		{834B5CA1-77AF-4B3F-A526-F990A85EFE03}.Release|x64.Build.0 = Release|x64
	EndGlobalSection
	GlobalSection(SolutionProperties) = preSolution
		HideSolutionNode = FALSE
	EndGlobalSection
	GlobalSection(ExtensibilityGlobals) = postSolution
		SolutionGuid = {414650CF-6F5C-4EBE-90EF-AB370497EE2A}
	EndGlobalSection
EndGlobal
